
Microsoft Visual Studio Solution File, Format Version 12.00
# Visual Studio Version 17
VisualStudioVersion = 17.14.36414.22 d17.14
MinimumVisualStudioVersion = 10.0.40219.1
Project("{FAE04EC0-301F-11D3-BF4B-00C04F79EFBC}") = "Calculadora de IMC", "Calculadora de IMC\Calculadora de IMC.csproj", "{3FDF96F2-7E92-4EAF-B80C-C126CB7BAF51}"
EndProject
Global
	GlobalSection(SolutionConfigurationPlatforms) = preSolution
		Debug|Any CPU = Debug|Any CPU
		Release|Any CPU = Release|Any CPU
	EndGlobalSection
	GlobalSection(ProjectConfigurationPlatforms) = postSolution
		{3FDF96F2-7E92-4EAF-B80C-C126CB7BAF51}.Debug|Any CPU.ActiveCfg = Debug|Any CPU
		{3FDF96F2-7E92-4EAF-B80C-C126CB7BAF51}.Debug|Any CPU.Build.0 = Debug|Any CPU
		{3FDF96F2-7E92-4EAF-B80C-C126CB7BAF51}.Release|Any CPU.ActiveCfg = Release|Any CPU
		{3FDF96F2-7E92-4EAF-B80C-C126CB7BAF51}.Release|Any CPU.Build.0 = Release|Any CPU
	EndGlobalSection
	GlobalSection(SolutionProperties) = preSolution
		HideSolutionNode = FALSE
	EndGlobalSection
	GlobalSection(ExtensibilityGlobals) = postSolution
		SolutionGuid = {679D7BBF-4042-463C-90F4-23425E1577B0}
	EndGlobalSection
EndGlobal
